
Microsoft Visual Studio Solution File, Format Version 12.00
# Visual Studio Version 16
VisualStudioVersion = 16.0.31005.135
MinimumVisualStudioVersion = 10.0.40219.1
Project("{2150E333-8FDC-42A3-9474-1A3956D46DE8}") = "Solution Items", "Solution Items", "{3C8FFD9A-86E8-4939-90C1-4918E00E3BF7}"
	ProjectSection(SolutionItems) = preProject
		ChangeLog.txt = ChangeLog.txt
	EndProjectSection
EndProject
Project("{FAE04EC0-301F-11D3-BF4B-00C04F79EFBC}") = "Welcome", "Welcome\Welcome.csproj", "{4CE705CB-B5EE-45F1-80D0-9F247F406D5C}"
EndProject
Global
	GlobalSection(SolutionConfigurationPlatforms) = preSolution
		Debug|Any CPU = Debug|Any CPU
		Release|Any CPU = Release|Any CPU
	EndGlobalSection
	GlobalSection(ProjectConfigurationPlatforms) = postSolution
		{4CE705CB-B5EE-45F1-80D0-9F247F406D5C}.Debug|Any CPU.ActiveCfg = Debug|Any CPU
		{4CE705CB-B5EE-45F1-80D0-9F247F406D5C}.Debug|Any CPU.Build.0 = Debug|Any CPU
		{4CE705CB-B5EE-45F1-80D0-9F247F406D5C}.Release|Any CPU.ActiveCfg = Release|Any CPU
		{4CE705CB-B5EE-45F1-80D0-9F247F406D5C}.Release|Any CPU.Build.0 = Release|Any CPU
	EndGlobalSection
	GlobalSection(SolutionProperties) = preSolution
		HideSolutionNode = FALSE
	EndGlobalSection
	GlobalSection(ExtensibilityGlobals) = postSolution
		SolutionGuid = {78CD5FC7-D80A-4C36-B862-8D446506F1C7}
	EndGlobalSection
EndGlobal
