
Microsoft Visual Studio Solution File, Format Version 12.00
# Visual Studio Version 16
VisualStudioVersion = 16.0.31005.135
MinimumVisualStudioVersion = 10.0.40219.1
Project("{2150E333-8FDC-42A3-9474-1A3956D46DE8}") = "Solution Items", "Solution Items", "{3C8FFD9A-86E8-4939-90C1-4918E00E3BF7}"
	ProjectSection(SolutionItems) = preProject
		ChangeLog.txt = ChangeLog.txt
	EndProjectSection
EndProject
Project("{FAE04EC0-301F-11D3-BF4B-00C04F79EFBC}") = "TestConsole", "TestConsole\TestConsole.csproj", "{82104259-48CC-4C86-9337-124FD9515351}"
EndProject
Project("{FAE04EC0-301F-11D3-BF4B-00C04F79EFBC}") = "Shapes", "Shapes\Shapes.csproj", "{9E6AA2D4-37D8-409E-ABA1-C7E77DB50FF9}"
EndProject
Project("{FAE04EC0-301F-11D3-BF4B-00C04F79EFBC}") = "Collection", "Collection\Collection.csproj", "{BF5C182D-FD3D-4B95-8CAE-C7F8FDD7E4EB}"
EndProject
Project("{FAE04EC0-301F-11D3-BF4B-00C04F79EFBC}") = "Debugging", "Debugging\Debugging.csproj", "{2587F345-7452-4252-940E-E4B835EA1443}"
EndProject
Project("{FAE04EC0-301F-11D3-BF4B-00C04F79EFBC}") = "EmployeePay", "EmployeePay\EmployeePay.csproj", "{DE00C183-EA1D-4ECA-A295-F32240F547EF}"
EndProject
Project("{FAE04EC0-301F-11D3-BF4B-00C04F79EFBC}") = "Extension", "Extension\Extension.csproj", "{1DCA1348-355A-4109-B96E-BE622CAC7EDE}"
EndProject
Global
	GlobalSection(SolutionConfigurationPlatforms) = preSolution
		Debug|Any CPU = Debug|Any CPU
		Release|Any CPU = Release|Any CPU
	EndGlobalSection
	GlobalSection(ProjectConfigurationPlatforms) = postSolution
		{82104259-48CC-4C86-9337-124FD9515351}.Debug|Any CPU.ActiveCfg = Debug|Any CPU
		{82104259-48CC-4C86-9337-124FD9515351}.Debug|Any CPU.Build.0 = Debug|Any CPU
		{82104259-48CC-4C86-9337-124FD9515351}.Release|Any CPU.ActiveCfg = Release|Any CPU
		{82104259-48CC-4C86-9337-124FD9515351}.Release|Any CPU.Build.0 = Release|Any CPU
		{9E6AA2D4-37D8-409E-ABA1-C7E77DB50FF9}.Debug|Any CPU.ActiveCfg = Debug|Any CPU
		{9E6AA2D4-37D8-409E-ABA1-C7E77DB50FF9}.Debug|Any CPU.Build.0 = Debug|Any CPU
		{9E6AA2D4-37D8-409E-ABA1-C7E77DB50FF9}.Release|Any CPU.ActiveCfg = Release|Any CPU
		{9E6AA2D4-37D8-409E-ABA1-C7E77DB50FF9}.Release|Any CPU.Build.0 = Release|Any CPU
		{BF5C182D-FD3D-4B95-8CAE-C7F8FDD7E4EB}.Debug|Any CPU.ActiveCfg = Debug|Any CPU
		{BF5C182D-FD3D-4B95-8CAE-C7F8FDD7E4EB}.Debug|Any CPU.Build.0 = Debug|Any CPU
		{BF5C182D-FD3D-4B95-8CAE-C7F8FDD7E4EB}.Release|Any CPU.ActiveCfg = Release|Any CPU
		{BF5C182D-FD3D-4B95-8CAE-C7F8FDD7E4EB}.Release|Any CPU.Build.0 = Release|Any CPU
		{2587F345-7452-4252-940E-E4B835EA1443}.Debug|Any CPU.ActiveCfg = Debug|Any CPU
		{2587F345-7452-4252-940E-E4B835EA1443}.Debug|Any CPU.Build.0 = Debug|Any CPU
		{2587F345-7452-4252-940E-E4B835EA1443}.Release|Any CPU.ActiveCfg = Release|Any CPU
		{2587F345-7452-4252-940E-E4B835EA1443}.Release|Any CPU.Build.0 = Release|Any CPU
		{DE00C183-EA1D-4ECA-A295-F32240F547EF}.Debug|Any CPU.ActiveCfg = Debug|Any CPU
		{DE00C183-EA1D-4ECA-A295-F32240F547EF}.Debug|Any CPU.Build.0 = Debug|Any CPU
		{DE00C183-EA1D-4ECA-A295-F32240F547EF}.Release|Any CPU.ActiveCfg = Release|Any CPU
		{DE00C183-EA1D-4ECA-A295-F32240F547EF}.Release|Any CPU.Build.0 = Release|Any CPU
		{1DCA1348-355A-4109-B96E-BE622CAC7EDE}.Debug|Any CPU.ActiveCfg = Debug|Any CPU
		{1DCA1348-355A-4109-B96E-BE622CAC7EDE}.Debug|Any CPU.Build.0 = Debug|Any CPU
		{1DCA1348-355A-4109-B96E-BE622CAC7EDE}.Release|Any CPU.ActiveCfg = Release|Any CPU
		{1DCA1348-355A-4109-B96E-BE622CAC7EDE}.Release|Any CPU.Build.0 = Release|Any CPU
	EndGlobalSection
	GlobalSection(SolutionProperties) = preSolution
		HideSolutionNode = FALSE
	EndGlobalSection
	GlobalSection(ExtensibilityGlobals) = postSolution
		SolutionGuid = {78CD5FC7-D80A-4C36-B862-8D446506F1C7}
	EndGlobalSection
EndGlobal
